
Microsoft Visual Studio Solution File, Format Version 12.00
# Visual Studio 15
VisualStudioVersion = 15.0.26430.16
MinimumVisualStudioVersion = 10.0.40219.1
Project("{FAE04EC0-301F-11D3-BF4B-00C04F79EFBC}") = "PriorityQueue", "PriorityQueue\PriorityQueue.csproj", "{7D256A71-D92A-4BD6-957A-D6FE4AF4888B}"
EndProject
Project("{FAE04EC0-301F-11D3-BF4B-00C04F79EFBC}") = "PriorityQueueTestProject", "..\PriorityQueueTest\UnitTestProject1\PriorityQueueTestProject.csproj", "{578A81B9-EE5F-483D-A717-0B822E99EB54}"
EndProject
Global
	GlobalSection(SolutionConfigurationPlatforms) = preSolution
		Debug|Any CPU = Debug|Any CPU
		Release|Any CPU = Release|Any CPU
	EndGlobalSection
	GlobalSection(ProjectConfigurationPlatforms) = postSolution
		{7D256A71-D92A-4BD6-957A-D6FE4AF4888B}.Debug|Any CPU.ActiveCfg = Debug|Any CPU
		{7D256A71-D92A-4BD6-957A-D6FE4AF4888B}.Debug|Any CPU.Build.0 = Debug|Any CPU
		{7D256A71-D92A-4BD6-957A-D6FE4AF4888B}.Release|Any CPU.ActiveCfg = Release|Any CPU
		{7D256A71-D92A-4BD6-957A-D6FE4AF4888B}.Release|Any CPU.Build.0 = Release|Any CPU
		{578A81B9-EE5F-483D-A717-0B822E99EB54}.Debug|Any CPU.ActiveCfg = Debug|Any CPU
		{578A81B9-EE5F-483D-A717-0B822E99EB54}.Debug|Any CPU.Build.0 = Debug|Any CPU
		{578A81B9-EE5F-483D-A717-0B822E99EB54}.Release|Any CPU.ActiveCfg = Release|Any CPU
		{578A81B9-EE5F-483D-A717-0B822E99EB54}.Release|Any CPU.Build.0 = Release|Any CPU
	EndGlobalSection
	GlobalSection(SolutionProperties) = preSolution
		HideSolutionNode = FALSE
	EndGlobalSection
EndGlobal
